
Microsoft Visual Studio Solution File, Format Version 12.00
# Visual Studio Version 17
VisualStudioVersion = 17.2.32516.85
MinimumVisualStudioVersion = 10.0.40219.1
Project("{FAE04EC0-301F-11D3-BF4B-00C04F79EFBC}") = "TextSolution", "TextSolution\TextSolution.csproj", "{43B80A46-442E-45BB-892A-9036626E401E}"
EndProject
Global
	GlobalSection(SolutionConfigurationPlatforms) = preSolution
		Debug|Any CPU = Debug|Any CPU
		Release|Any CPU = Release|Any CPU
	EndGlobalSection
	GlobalSection(ProjectConfigurationPlatforms) = postSolution
		{43B80A46-442E-45BB-892A-9036626E401E}.Debug|Any CPU.ActiveCfg = Debug|Any CPU
		{43B80A46-442E-45BB-892A-9036626E401E}.Debug|Any CPU.Build.0 = Debug|Any CPU
		{43B80A46-442E-45BB-892A-9036626E401E}.Release|Any CPU.ActiveCfg = Release|Any CPU
		{43B80A46-442E-45BB-892A-9036626E401E}.Release|Any CPU.Build.0 = Release|Any CPU
	EndGlobalSection
	GlobalSection(SolutionProperties) = preSolution
		HideSolutionNode = FALSE
	EndGlobalSection
	GlobalSection(ExtensibilityGlobals) = postSolution
		SolutionGuid = {A4EA37CF-BEDC-4650-899C-ADC9E953A061}
	EndGlobalSection
EndGlobal
